// !$*UTF8*$!
{
	archiveVersion = 1;
	classes = {
	};
	objectVersion = 50;
	objects = {

/* Begin PBXBuildFile section */
		FF034DA423EA25E100BFC101 /* WalkthroughVC.swift in Sources */ = {isa = PBXBuildFile; fileRef = FF034DA323EA25E100BFC101 /* WalkthroughVC.swift */; };
		FF94933A23E0F04800A02CC1 /* AppDelegate.swift in Sources */ = {isa = PBXBuildFile; fileRef = FF94933923E0F04800A02CC1 /* AppDelegate.swift */; };
		FF94933C23E0F04800A02CC1 /* SceneDelegate.swift in Sources */ = {isa = PBXBuildFile; fileRef = FF94933B23E0F04800A02CC1 /* SceneDelegate.swift */; };
		FF94933E23E0F04800A02CC1 /* ViewController.swift in Sources */ = {isa = PBXBuildFile; fileRef = FF94933D23E0F04800A02CC1 /* ViewController.swift */; };
		FF94934123E0F04800A02CC1 /* Main.storyboard in Resources */ = {isa = PBXBuildFile; fileRef = FF94933F23E0F04800A02CC1 /* Main.storyboard */; };
		FF94934323E0F04A00A02CC1 /* Assets.xcassets in Resources */ = {isa = PBXBuildFile; fileRef = FF94934223E0F04A00A02CC1 /* Assets.xcassets */; };
		FF94934623E0F04A00A02CC1 /* LaunchScreen.storyboard in Resources */ = {isa = PBXBuildFile; fileRef = FF94934423E0F04A00A02CC1 /* LaunchScreen.storyboard */; };
		FF94935123E0F04A00A02CC1 /* Lab3Tests.swift in Sources */ = {isa = PBXBuildFile; fileRef = FF94935023E0F04A00A02CC1 /* Lab3Tests.swift */; };
		FF94935C23E0F04A00A02CC1 /* Lab3UITests.swift in Sources */ = {isa = PBXBuildFile; fileRef = FF94935B23E0F04A00A02CC1 /* Lab3UITests.swift */; };
/* End PBXBuildFile section */

/* Begin PBXContainerItemProxy section */
		FF94934D23E0F04A00A02CC1 /* PBXContainerItemProxy */ = {
			isa = PBXContainerItemProxy;
			containerPortal = FF94932E23E0F04800A02CC1 /* Project object */;
			proxyType = 1;
			remoteGlobalIDString = FF94933523E0F04800A02CC1;
			remoteInfo = Lab3;
		};
		FF94935823E0F04A00A02CC1 /* PBXContainerItemProxy */ = {
			isa = PBXContainerItemProxy;
			containerPortal = FF94932E23E0F04800A02CC1 /* Project object */;
			proxyType = 1;
			remoteGlobalIDString = FF94933523E0F04800A02CC1;
			remoteInfo = Lab3;
		};
/* End PBXContainerItemProxy section */

/* Begin PBXFileReference section */
		FF034DA323EA25E100BFC101 /* WalkthroughVC.swift */ = {isa = PBXFileReference; lastKnownFileType = sourcecode.swift; path = WalkthroughVC.swift; sourceTree = "<group>"; };
		FF94933623E0F04800A02CC1 /* Lab3.app */ = {isa = PBXFileReference; explicitFileType = wrapper.application; includeInIndex = 0; path = Lab3.app; sourceTree = BUILT_PRODUCTS_DIR; };
		FF94933923E0F04800A02CC1 /* AppDelegate.swift */ = {isa = PBXFileReference; lastKnownFileType = sourcecode.swift; path = AppDelegate.swift; sourceTree = "<group>"; };
		FF94933B23E0F04800A02CC1 /* SceneDelegate.swift */ = {isa = PBXFileReference; lastKnownFileType = sourcecode.swift; path = SceneDelegate.swift; sourceTree = "<group>"; };
		FF94933D23E0F04800A02CC1 /* ViewController.swift */ = {isa = PBXFileReference; lastKnownFileType = sourcecode.swift; path = ViewController.swift; sourceTree = "<group>"; };
		FF94934023E0F04800A02CC1 /* Base */ = {isa = PBXFileReference; lastKnownFileType = file.storyboard; name = Base; path = Base.lproj/Main.storyboard; sourceTree = "<group>"; };
		FF94934223E0F04A00A02CC1 /* Assets.xcassets */ = {isa = PBXFileReference; lastKnownFileType = folder.assetcatalog; path = Assets.xcassets; sourceTree = "<group>"; };
		FF94934523E0F04A00A02CC1 /* Base */ = {isa = PBXFileReference; lastKnownFileType = file.storyboard; name = Base; path = Base.lproj/LaunchScreen.storyboard; sourceTree = "<group>"; };
		FF94934723E0F04A00A02CC1 /* Info.plist */ = {isa = PBXFileReference; lastKnownFileType = text.plist.xml; path = Info.plist; sourceTree = "<group>"; };
		FF94934C23E0F04A00A02CC1 /* Lab3Tests.xctest */ = {isa = PBXFileReference; explicitFileType = wrapper.cfbundle; includeInIndex = 0; path = Lab3Tests.xctest; sourceTree = BUILT_PRODUCTS_DIR; };
		FF94935023E0F04A00A02CC1 /* Lab3Tests.swift */ = {isa = PBXFileReference; lastKnownFileType = sourcecode.swift; path = Lab3Tests.swift; sourceTree = "<group>"; };
		FF94935223E0F04A00A02CC1 /* Info.plist */ = {isa = PBXFileReference; lastKnownFileType = text.plist.xml; path = Info.plist; sourceTree = "<group>"; };
		FF94935723E0F04A00A02CC1 /* Lab3UITests.xctest */ = {isa = PBXFileReference; explicitFileType = wrapper.cfbundle; includeInIndex = 0; path = Lab3UITests.xctest; sourceTree = BUILT_PRODUCTS_DIR; };
		FF94935B23E0F04A00A02CC1 /* Lab3UITests.swift */ = {isa = PBXFileReference; lastKnownFileType = sourcecode.swift; path = Lab3UITests.swift; sourceTree = "<group>"; };
		FF94935D23E0F04A00A02CC1 /* Info.plist */ = {isa = PBXFileReference; lastKnownFileType = text.plist.xml; path = Info.plist; sourceTree = "<group>"; };
/* End PBXFileReference section */

/* Begin PBXFrameworksBuildPhase section */
		FF94933323E0F04800A02CC1 /* Frameworks */ = {
			isa = PBXFrameworksBuildPhase;
			buildActionMask = 2147483647;
			files = (
			);
			runOnlyForDeploymentPostprocessing = 0;
		};
		FF94934923E0F04A00A02CC1 /* Frameworks */ = {
			isa = PBXFrameworksBuildPhase;
			buildActionMask = 2147483647;
			files = (
			);
			runOnlyForDeploymentPostprocessing = 0;
		};
		FF94935423E0F04A00A02CC1 /* Frameworks */ = {
			isa = PBXFrameworksBuildPhase;
			buildActionMask = 2147483647;
			files = (
			);
			runOnlyForDeploymentPostprocessing = 0;
		};
/* End PBXFrameworksBuildPhase section */

/* Begin PBXGroup section */
		FF94932D23E0F04800A02CC1 = {
			isa = PBXGroup;
			children = (
				FF94933823E0F04800A02CC1 /* Lab3 */,
				FF94934F23E0F04A00A02CC1 /* Lab3Tests */,
				FF94935A23E0F04A00A02CC1 /* Lab3UITests */,
				FF94933723E0F04800A02CC1 /* Products */,
			);
			sourceTree = "<group>";
		};
		FF94933723E0F04800A02CC1 /* Products */ = {
			isa = PBXGroup;
			children = (
				FF94933623E0F04800A02CC1 /* Lab3.app */,
				FF94934C23E0F04A00A02CC1 /* Lab3Tests.xctest */,
				FF94935723E0F04A00A02CC1 /* Lab3UITests.xctest */,
			);
			name = Products;
			sourceTree = "<group>";
		};
		FF94933823E0F04800A02CC1 /* Lab3 */ = {
			isa = PBXGroup;
			children = (
				FF94933923E0F04800A02CC1 /* AppDelegate.swift */,
				FF034DA323EA25E100BFC101 /* WalkthroughVC.swift */,
				FF94933B23E0F04800A02CC1 /* SceneDelegate.swift */,
				FF94933D23E0F04800A02CC1 /* ViewController.swift */,
				FF94933F23E0F04800A02CC1 /* Main.storyboard */,
				FF94934223E0F04A00A02CC1 /* Assets.xcassets */,
				FF94934423E0F04A00A02CC1 /* LaunchScreen.storyboard */,
				FF94934723E0F04A00A02CC1 /* Info.plist */,
			);
			path = Lab3;
			sourceTree = "<group>";
		};
		FF94934F23E0F04A00A02CC1 /* Lab3Tests */ = {
			isa = PBXGroup;
			children = (
				FF94935023E0F04A00A02CC1 /* Lab3Tests.swift */,
				FF94935223E0F04A00A02CC1 /* Info.plist */,
			);
			path = Lab3Tests;
			sourceTree = "<group>";
		};
		FF94935A23E0F04A00A02CC1 /* Lab3UITests */ = {
			isa = PBXGroup;
			children = (
				FF94935B23E0F04A00A02CC1 /* Lab3UITests.swift */,
				FF94935D23E0F04A00A02CC1 /* Info.plist */,
			);
			path = Lab3UITests;
			sourceTree = "<group>";
		};
/* End PBXGroup section */

/* Begin PBXNativeTarget section */
		FF94933523E0F04800A02CC1 /* Lab3 */ = {
			isa = PBXNativeTarget;
			buildConfigurationList = FF94936023E0F04A00A02CC1 /* Build configuration list for PBXNativeTarget "Lab3" */;
			buildPhases = (
				FF94933223E0F04800A02CC1 /* Sources */,
				FF94933323E0F04800A02CC1 /* Frameworks */,
				FF94933423E0F04800A02CC1 /* Resources */,
			);
			buildRules = (
			);
			dependencies = (
			);
			name = Lab3;
			productName = Lab3;
			productReference = FF94933623E0F04800A02CC1 /* Lab3.app */;
			productType = "com.apple.product-type.application";
		};
		FF94934B23E0F04A00A02CC1 /* Lab3Tests */ = {
			isa = PBXNativeTarget;
			buildConfigurationList = FF94936323E0F04A00A02CC1 /* Build configuration list for PBXNativeTarget "Lab3Tests" */;
			buildPhases = (
				FF94934823E0F04A00A02CC1 /* Sources */,
				FF94934923E0F04A00A02CC1 /* Frameworks */,
				FF94934A23E0F04A00A02CC1 /* Resources */,
			);
			buildRules = (
			);
			dependencies = (
				FF94934E23E0F04A00A02CC1 /* PBXTargetDependency */,
			);
			name = Lab3Tests;
			productName = Lab3Tests;
			productReference = FF94934C23E0F04A00A02CC1 /* Lab3Tests.xctest */;
			productType = "com.apple.product-type.bundle.unit-test";
		};
		FF94935623E0F04A00A02CC1 /* Lab3UITests */ = {
			isa = PBXNativeTarget;
			buildConfigurationList = FF94936623E0F04A00A02CC1 /* Build configuration list for PBXNativeTarget "Lab3UITests" */;
			buildPhases = (
				FF94935323E0F04A00A02CC1 /* Sources */,
				FF94935423E0F04A00A02CC1 /* Frameworks */,
				FF94935523E0F04A00A02CC1 /* Resources */,
			);
			buildRules = (
			);
			dependencies = (
				FF94935923E0F04A00A02CC1 /* PBXTargetDependency */,
			);
			name = Lab3UITests;
			productName = Lab3UITests;
			productReference = FF94935723E0F04A00A02CC1 /* Lab3UITests.xctest */;
			productType = "com.apple.product-type.bundle.ui-testing";
		};
/* End PBXNativeTarget section */

/* Begin PBXProject section */
		FF94932E23E0F04800A02CC1 /* Project object */ = {
			isa = PBXProject;
			attributes = {
				LastSwiftUpdateCheck = 1110;
				LastUpgradeCheck = 1110;
				ORGANIZATIONNAME = "Navreet Singh";
				TargetAttributes = {
					FF94933523E0F04800A02CC1 = {
						CreatedOnToolsVersion = 11.1;
					};
					FF94934B23E0F04A00A02CC1 = {
						CreatedOnToolsVersion = 11.1;
						TestTargetID = FF94933523E0F04800A02CC1;
					};
					FF94935623E0F04A00A02CC1 = {
						CreatedOnToolsVersion = 11.1;
						TestTargetID = FF94933523E0F04800A02CC1;
					};
				};
			};
			buildConfigurationList = FF94933123E0F04800A02CC1 /* Build configuration list for PBXProject "Lab3" */;
			compatibilityVersion = "Xcode 9.3";
			developmentRegion = en;
			hasScannedForEncodings = 0;
			knownRegions = (
				en,
				Base,
			);
			mainGroup = FF94932D23E0F04800A02CC1;
			productRefGroup = FF94933723E0F04800A02CC1 /* Products */;
			projectDirPath = "";
			projectRoot = "";
			targets = (
				FF94933523E0F04800A02CC1 /* Lab3 */,
				FF94934B23E0F04A00A02CC1 /* Lab3Tests */,
				FF94935623E0F04A00A02CC1 /* Lab3UITests */,
			);
		};
/* End PBXProject section */

/* Begin PBXResourcesBuildPhase section */
		FF94933423E0F04800A02CC1 /* Resources */ = {
			isa = PBXResourcesBuildPhase;
			buildActionMask = 2147483647;
			files = (
				FF94934623E0F04A00A02CC1 /* LaunchScreen.storyboard in Resources */,
				FF94934323E0F04A00A02CC1 /* Assets.xcassets in Resources */,
				FF94934123E0F04800A02CC1 /* Main.storyboard in Resources */,
			);
			runOnlyForDeploymentPostprocessing = 0;
		};
		FF94934A23E0F04A00A02CC1 /* Resources */ = {
			isa = PBXResourcesBuildPhase;
			buildActionMask = 2147483647;
			files = (
			);
			runOnlyForDeploymentPostprocessing = 0;
		};
		FF94935523E0F04A00A02CC1 /* Resources */ = {
			isa = PBXResourcesBuildPhase;
			buildActionMask = 2147483647;
			files = (
			);
			runOnlyForDeploymentPostprocessing = 0;
		};
/* End PBXResourcesBuildPhase section */

/* Begin PBXSourcesBuildPhase section */
		FF94933223E0F04800A02CC1 /* Sources */ = {
			isa = PBXSourcesBuildPhase;
			buildActionMask = 2147483647;
			files = (
				FF94933E23E0F04800A02CC1 /* ViewController.swift in Sources */,
				FF94933A23E0F04800A02CC1 /* AppDelegate.swift in Sources */,
				FF94933C23E0F04800A02CC1 /* SceneDelegate.swift in Sources */,
				FF034DA423EA25E100BFC101 /* WalkthroughVC.swift in Sources */,
			);
			runOnlyForDeploymentPostprocessing = 0;
		};
		FF94934823E0F04A00A02CC1 /* Sources */ = {
			isa = PBXSourcesBuildPhase;
			buildActionMask = 2147483647;
			files = (
				FF94935123E0F04A00A02CC1 /* Lab3Tests.swift in Sources */,
			);
			runOnlyForDeploymentPostprocessing = 0;
		};
		FF94935323E0F04A00A02CC1 /* Sources */ = {
			isa = PBXSourcesBuildPhase;
			buildActionMask = 2147483647;
			files = (
				FF94935C23E0F04A00A02CC1 /* Lab3UITests.swift in Sources */,
			);
			runOnlyForDeploymentPostprocessing = 0;
		};
/* End PBXSourcesBuildPhase section */

/* Begin PBXTargetDependency section */
		FF94934E23E0F04A00A02CC1 /* PBXTargetDependency */ = {
			isa = PBXTargetDependency;
			target = FF94933523E0F04800A02CC1 /* Lab3 */;
			targetProxy = FF94934D23E0F04A00A02CC1 /* PBXContainerItemProxy */;
		};
		FF94935923E0F04A00A02CC1 /* PBXTargetDependency */ = {
			isa = PBXTargetDependency;
			target = FF94933523E0F04800A02CC1 /* Lab3 */;
			targetProxy = FF94935823E0F04A00A02CC1 /* PBXContainerItemProxy */;
		};
/* End PBXTargetDependency section */

/* Begin PBXVariantGroup section */
		FF94933F23E0F04800A02CC1 /* Main.storyboard */ = {
			isa = PBXVariantGroup;
			children = (
				FF94934023E0F04800A02CC1 /* Base */,
			);
			name = Main.storyboard;
			sourceTree = "<group>";
		};
		FF94934423E0F04A00A02CC1 /* LaunchScreen.storyboard */ = {
			isa = PBXVariantGroup;
			children = (
				FF94934523E0F04A00A02CC1 /* Base */,
			);
			name = LaunchScreen.storyboard;
			sourceTree = "<group>";
		};
/* End PBXVariantGroup section */

/* Begin XCBuildConfiguration section */
		FF94935E23E0F04A00A02CC1 /* Debug */ = {
			isa = XCBuildConfiguration;
			buildSettings = {
				ALWAYS_SEARCH_USER_PATHS = NO;
				CLANG_ANALYZER_NONNULL = YES;
				CLANG_ANALYZER_NUMBER_OBJECT_CONVERSION = YES_AGGRESSIVE;
				CLANG_CXX_LANGUAGE_STANDARD = "gnu++14";
				CLANG_CXX_LIBRARY = "libc++";
				CLANG_ENABLE_MODULES = YES;
				CLANG_ENABLE_OBJC_ARC = YES;
				CLANG_ENABLE_OBJC_WEAK = YES;
				CLANG_WARN_BLOCK_CAPTURE_AUTORELEASING = YES;
				CLANG_WARN_BOOL_CONVERSION = YES;
				CLANG_WARN_COMMA = YES;
				CLANG_WARN_CONSTANT_CONVERSION = YES;
				CLANG_WARN_DEPRECATED_OBJC_IMPLEMENTATIONS = YES;
				CLANG_WARN_DIRECT_OBJC_ISA_USAGE = YES_ERROR;
				CLANG_WARN_DOCUMENTATION_COMMENTS = YES;
				CLANG_WARN_EMPTY_BODY = YES;
				CLANG_WARN_ENUM_CONVERSION = YES;
				CLANG_WARN_INFINITE_RECURSION = YES;
				CLANG_WARN_INT_CONVERSION = YES;
				CLANG_WARN_NON_LITERAL_NULL_CONVERSION = YES;
				CLANG_WARN_OBJC_IMPLICIT_RETAIN_SELF = YES;
				CLANG_WARN_OBJC_LITERAL_CONVERSION = YES;
				CLANG_WARN_OBJC_ROOT_CLASS = YES_ERROR;
				CLANG_WARN_RANGE_LOOP_ANALYSIS = YES;
				CLANG_WARN_STRICT_PROTOTYPES = YES;
				CLANG_WARN_SUSPICIOUS_MOVE = YES;
				CLANG_WARN_UNGUARDED_AVAILABILITY = YES_AGGRESSIVE;
				CLANG_WARN_UNREACHABLE_CODE = YES;
				CLANG_WARN__DUPLICATE_METHOD_MATCH = YES;
				COPY_PHASE_STRIP = NO;
				DEBUG_INFORMATION_FORMAT = dwarf;
				ENABLE_STRICT_OBJC_MSGSEND = YES;
				ENABLE_TESTABILITY = YES;
				GCC_C_LANGUAGE_STANDARD = gnu11;
				GCC_DYNAMIC_NO_PIC = NO;
				GCC_NO_COMMON_BLOCKS = YES;
				GCC_OPTIMIZATION_LEVEL = 0;
				GCC_PREPROCESSOR_DEFINITIONS = (
					"DEBUG=1",
					"$(inherited)",
				);
				GCC_WARN_64_TO_32_BIT_CONVERSION = YES;
				GCC_WARN_ABOUT_RETURN_TYPE = YES_ERROR;
				GCC_WARN_UNDECLARED_SELECTOR = YES;
				GCC_WARN_UNINITIALIZED_AUTOS = YES_AGGRESSIVE;
				GCC_WARN_UNUSED_FUNCTION = YES;
				GCC_WARN_UNUSED_VARIABLE = YES;
				IPHONEOS_DEPLOYMENT_TARGET = 13.1;
				MTL_ENABLE_DEBUG_INFO = INCLUDE_SOURCE;
				MTL_FAST_MATH = YES;
				ONLY_ACTIVE_ARCH = YES;
				SDKROOT = iphoneos;
				SWIFT_ACTIVE_COMPILATION_CONDITIONS = DEBUG;
				SWIFT_OPTIMIZATION_LEVEL = "-Onone";
			};
			name = Debug;
		};
		FF94935F23E0F04A00A02CC1 /* Release */ = {
			isa = XCBuildConfiguration;
			buildSettings = {
				ALWAYS_SEARCH_USER_PATHS = NO;
				CLANG_ANALYZER_NONNULL = YES;
				CLANG_ANALYZER_NUMBER_OBJECT_CONVERSION = YES_AGGRESSIVE;
				CLANG_CXX_LANGUAGE_STANDARD = "gnu++14";
				CLANG_CXX_LIBRARY = "libc++";
				CLANG_ENABLE_MODULES = YES;
				CLANG_ENABLE_OBJC_ARC = YES;
				CLANG_ENABLE_OBJC_WEAK = YES;
				CLANG_WARN_BLOCK_CAPTURE_AUTORELEASING = YES;
				CLANG_WARN_BOOL_CONVERSION = YES;
				CLANG_WARN_COMMA = YES;
				CLANG_WARN_CONSTANT_CONVERSION = YES;
				CLANG_WARN_DEPRECATED_OBJC_IMPLEMENTATIONS = YES;
				CLANG_WARN_DIRECT_OBJC_ISA_USAGE = YES_ERROR;
				CLANG_WARN_DOCUMENTATION_COMMENTS = YES;
				CLANG_WARN_EMPTY_BODY = YES;
				CLANG_WARN_ENUM_CONVERSION = YES;
				CLANG_WARN_INFINITE_RECURSION = YES;
				CLANG_WARN_INT_CONVERSION = YES;
				CLANG_WARN_NON_LITERAL_NULL_CONVERSION = YES;
				CLANG_WARN_OBJC_IMPLICIT_RETAIN_SELF = YES;
				CLANG_WARN_OBJC_LITERAL_CONVERSION = YES;
				CLANG_WARN_OBJC_ROOT_CLASS = YES_ERROR;
				CLANG_WARN_RANGE_LOOP_ANALYSIS = YES;
				CLANG_WARN_STRICT_PROTOTYPES = YES;
				CLANG_WARN_SUSPICIOUS_MOVE = YES;
				CLANG_WARN_UNGUARDED_AVAILABILITY = YES_AGGRESSIVE;
				CLANG_WARN_UNREACHABLE_CODE = YES;
				CLANG_WARN__DUPLICATE_METHOD_MATCH = YES;
				COPY_PHASE_STRIP = NO;
				DEBUG_INFORMATION_FORMAT = "dwarf-with-dsym";
				ENABLE_NS_ASSERTIONS = NO;
				ENABLE_STRICT_OBJC_MSGSEND = YES;
				GCC_C_LANGUAGE_STANDARD = gnu11;
				GCC_NO_COMMON_BLOCKS = YES;
				GCC_WARN_64_TO_32_BIT_CONVERSION = YES;
				GCC_WARN_ABOUT_RETURN_TYPE = YES_ERROR;
				GCC_WARN_UNDECLARED_SELECTOR = YES;
				GCC_WARN_UNINITIALIZED_AUTOS = YES_AGGRESSIVE;
				GCC_WARN_UNUSED_FUNCTION = YES;
				GCC_WARN_UNUSED_VARIABLE = YES;
				IPHONEOS_DEPLOYMENT_TARGET = 13.1;
				MTL_ENABLE_DEBUG_INFO = NO;
				MTL_FAST_MATH = YES;
				SDKROOT = iphoneos;
				SWIFT_COMPILATION_MODE = wholemodule;
				SWIFT_OPTIMIZATION_LEVEL = "-O";
				VALIDATE_PRODUCT = YES;
			};
			name = Release;
		};
		FF94936123E0F04A00A02CC1 /* Debug */ = {
			isa = XCBuildConfiguration;
			buildSettings = {
				ASSETCATALOG_COMPILER_APPICON_NAME = AppIcon;
				CODE_SIGN_STYLE = Automatic;
				INFOPLIST_FILE = Lab3/Info.plist;
				LD_RUNPATH_SEARCH_PATHS = (
					"$(inherited)",
					"@executable_path/Frameworks",
				);
				PRODUCT_BUNDLE_IDENTIFIER = "Humber-College.Lab3";
				PRODUCT_NAME = "$(TARGET_NAME)";
				SWIFT_VERSION = 5.0;
				TARGETED_DEVICE_FAMILY = "1,2";
			};
			name = Debug;
		};
		FF94936223E0F04A00A02CC1 /* Release */ = {
			isa = XCBuildConfiguration;
			buildSettings = {
				ASSETCATALOG_COMPILER_APPICON_NAME = AppIcon;
				CODE_SIGN_STYLE = Automatic;
				INFOPLIST_FILE = Lab3/Info.plist;
				LD_RUNPATH_SEARCH_PATHS = (
					"$(inherited)",
					"@executable_path/Frameworks",
				);
				PRODUCT_BUNDLE_IDENTIFIER = "Humber-College.Lab3";
				PRODUCT_NAME = "$(TARGET_NAME)";
				SWIFT_VERSION = 5.0;
				TARGETED_DEVICE_FAMILY = "1,2";
			};
			name = Release;
		};
		FF94936423E0F04A00A02CC1 /* Debug */ = {
			isa = XCBuildConfiguration;
			buildSettings = {
				ALWAYS_EMBED_SWIFT_STANDARD_LIBRARIES = YES;
				BUNDLE_LOADER = "$(TEST_HOST)";
				CODE_SIGN_STYLE = Automatic;
				INFOPLIST_FILE = Lab3Tests/Info.plist;
				IPHONEOS_DEPLOYMENT_TARGET = 13.1;
				LD_RUNPATH_SEARCH_PATHS = (
					"$(inherited)",
					"@executable_path/Frameworks",
					"@loader_path/Frameworks",
				);
				PRODUCT_BUNDLE_IDENTIFIER = "Humber-College.Lab3Tests";
				PRODUCT_NAME = "$(TARGET_NAME)";
				SWIFT_VERSION = 5.0;
				TARGETED_DEVICE_FAMILY = "1,2";
				TEST_HOST = "$(BUILT_PRODUCTS_DIR)/Lab3.app/Lab3";
			};
			name = Debug;
		};
		FF94936523E0F04A00A02CC1 /* Release */ = {
			isa = XCBuildConfiguration;
			buildSettings = {
				ALWAYS_EMBED_SWIFT_STANDARD_LIBRARIES = YES;
				BUNDLE_LOADER = "$(TEST_HOST)";
				CODE_SIGN_STYLE = Automatic;
				INFOPLIST_FILE = Lab3Tests/Info.plist;
				IPHONEOS_DEPLOYMENT_TARGET = 13.1;
				LD_RUNPATH_SEARCH_PATHS = (
					"$(inherited)",
					"@executable_path/Frameworks",
					"@loader_path/Frameworks",
				);
				PRODUCT_BUNDLE_IDENTIFIER = "Humber-College.Lab3Tests";
				PRODUCT_NAME = "$(TARGET_NAME)";
				SWIFT_VERSION = 5.0;
				TARGETED_DEVICE_FAMILY = "1,2";
				TEST_HOST = "$(BUILT_PRODUCTS_DIR)/Lab3.app/Lab3";
			};
			name = Release;
		};
		FF94936723E0F04A00A02CC1 /* Debug */ = {
			isa = XCBuildConfiguration;
			buildSettings = {
				ALWAYS_EMBED_SWIFT_STANDARD_LIBRARIES = YES;
				CODE_SIGN_STYLE = Automatic;
				INFOPLIST_FILE = Lab3UITests/Info.plist;
				LD_RUNPATH_SEARCH_PATHS = (
					"$(inherited)",
					"@executable_path/Frameworks",
					"@loader_path/Frameworks",
				);
				PRODUCT_BUNDLE_IDENTIFIER = "Humber-College.Lab3UITests";
				PRODUCT_NAME = "$(TARGET_NAME)";
				SWIFT_VERSION = 5.0;
				TARGETED_DEVICE_FAMILY = "1,2";
				TEST_TARGET_NAME = Lab3;
			};
			name = Debug;
		};
		FF94936823E0F04A00A02CC1 /* Release */ = {
			isa = XCBuildConfiguration;
			buildSettings = {
				ALWAYS_EMBED_SWIFT_STANDARD_LIBRARIES = YES;
				CODE_SIGN_STYLE = Automatic;
				INFOPLIST_FILE = Lab3UITests/Info.plist;
				LD_RUNPATH_SEARCH_PATHS = (
					"$(inherited)",
					"@executable_path/Frameworks",
					"@loader_path/Frameworks",
				);
				PRODUCT_BUNDLE_IDENTIFIER = "Humber-College.Lab3UITests";
				PRODUCT_NAME = "$(TARGET_NAME)";
				SWIFT_VERSION = 5.0;
				TARGETED_DEVICE_FAMILY = "1,2";
				TEST_TARGET_NAME = Lab3;
			};
			name = Release;
		};
/* End XCBuildConfiguration section */

/* Begin XCConfigurationList section */
		FF94933123E0F04800A02CC1 /* Build configuration list for PBXProject "Lab3" */ = {
			isa = XCConfigurationList;
			buildConfigurations = (
				FF94935E23E0F04A00A02CC1 /* Debug */,
				FF94935F23E0F04A00A02CC1 /* Release */,
			);
			defaultConfigurationIsVisible = 0;
			defaultConfigurationName = Release;
		};
		FF94936023E0F04A00A02CC1 /* Build configuration list for PBXNativeTarget "Lab3" */ = {
			isa = XCConfigurationList;
			buildConfigurations = (
				FF94936123E0F04A00A02CC1 /* Debug */,
				FF94936223E0F04A00A02CC1 /* Release */,
			);
			defaultConfigurationIsVisible = 0;
			defaultConfigurationName = Release;
		};
		FF94936323E0F04A00A02CC1 /* Build configuration list for PBXNativeTarget "Lab3Tests" */ = {
			isa = XCConfigurationList;
			buildConfigurations = (
				FF94936423E0F04A00A02CC1 /* Debug */,
				FF94936523E0F04A00A02CC1 /* Release */,
			);
			defaultConfigurationIsVisible = 0;
			defaultConfigurationName = Release;
		};
		FF94936623E0F04A00A02CC1 /* Build configuration list for PBXNativeTarget "Lab3UITests" */ = {
			isa = XCConfigurationList;
			buildConfigurations = (
				FF94936723E0F04A00A02CC1 /* Debug */,
				FF94936823E0F04A00A02CC1 /* Release */,
			);
			defaultConfigurationIsVisible = 0;
			defaultConfigurationName = Release;
		};
/* End XCConfigurationList section */
	};
	rootObject = FF94932E23E0F04800A02CC1 /* Project object */;
}
